
Microsoft Visual Studio Solution File, Format Version 11.00
# Visual Studio 2010
Project("{8BC9CEB8-8B4A-11D0-8D11-00A0C91BC942}") = "libxmlmm", "libxmlmm.vcxproj", "{1A6899BE-2072-4FB9-97B1-399F7D0A4C2E}"
EndProject
Project("{8BC9CEB8-8B4A-11D0-8D11-00A0C91BC942}") = "xmlmmtest", "xmlmmtest.vcxproj", "{34F0C831-88DA-4BC4-ADE8-EF92DD08D07F}"
EndProject
Global
	GlobalSection(SolutionConfigurationPlatforms) = preSolution
		Debug|Win32 = Debug|Win32
		Release|Win32 = Release|Win32
	EndGlobalSection
	GlobalSection(ProjectConfigurationPlatforms) = postSolution
		{1A6899BE-2072-4FB9-97B1-399F7D0A4C2E}.Debug|Win32.ActiveCfg = Debug|Win32
		{1A6899BE-2072-4FB9-97B1-399F7D0A4C2E}.Debug|Win32.Build.0 = Debug|Win32
		{1A6899BE-2072-4FB9-97B1-399F7D0A4C2E}.Release|Win32.ActiveCfg = Release|Win32
		{1A6899BE-2072-4FB9-97B1-399F7D0A4C2E}.Release|Win32.Build.0 = Release|Win32
		{34F0C831-88DA-4BC4-ADE8-EF92DD08D07F}.Debug|Win32.ActiveCfg = Debug|Win32
		{34F0C831-88DA-4BC4-ADE8-EF92DD08D07F}.Debug|Win32.Build.0 = Debug|Win32
		{34F0C831-88DA-4BC4-ADE8-EF92DD08D07F}.Release|Win32.ActiveCfg = Release|Win32
		{34F0C831-88DA-4BC4-ADE8-EF92DD08D07F}.Release|Win32.Build.0 = Release|Win32
	EndGlobalSection
	GlobalSection(SolutionProperties) = preSolution
		HideSolutionNode = FALSE
	EndGlobalSection
EndGlobal
