
Microsoft Visual Studio Solution File, Format Version 10.00
# Visual Studio 2008
Project("{8BC9CEB8-8B4A-11D0-8D11-00A0C91BC942}") = "libxmlmm", "libxmlmm.vcproj", "{E7318BBC-7C59-4EEE-A5E4-E4EB304953CF}"
EndProject
Project("{8BC9CEB8-8B4A-11D0-8D11-00A0C91BC942}") = "libxmlmm-test", "libxmlmm-test.vcproj", "{F6102900-88D3-49BB-997C-1DECD4272A2D}"
EndProject
Global
	GlobalSection(SolutionConfigurationPlatforms) = preSolution
		Debug|Win32 = Debug|Win32
		Release|Win32 = Release|Win32
	EndGlobalSection
	GlobalSection(ProjectConfigurationPlatforms) = postSolution
		{E7318BBC-7C59-4EEE-A5E4-E4EB304953CF}.Debug|Win32.ActiveCfg = Debug|Win32
		{E7318BBC-7C59-4EEE-A5E4-E4EB304953CF}.Debug|Win32.Build.0 = Debug|Win32
		{E7318BBC-7C59-4EEE-A5E4-E4EB304953CF}.Release|Win32.ActiveCfg = Release|Win32
		{E7318BBC-7C59-4EEE-A5E4-E4EB304953CF}.Release|Win32.Build.0 = Release|Win32
		{F6102900-88D3-49BB-997C-1DECD4272A2D}.Debug|Win32.ActiveCfg = Debug|Win32
		{F6102900-88D3-49BB-997C-1DECD4272A2D}.Debug|Win32.Build.0 = Debug|Win32
		{F6102900-88D3-49BB-997C-1DECD4272A2D}.Release|Win32.ActiveCfg = Release|Win32
		{F6102900-88D3-49BB-997C-1DECD4272A2D}.Release|Win32.Build.0 = Release|Win32
	EndGlobalSection
	GlobalSection(SolutionProperties) = preSolution
		HideSolutionNode = FALSE
	EndGlobalSection
EndGlobal
